# This file is generated by running "yarn install" inside your project.
# Manual changes might be lost - proceed with caution!

__metadata:
  version: 5

"package-a@workspace:packages/package-a":
  version: 0.0.0-use.local
  resolution: "package-a@workspace:packages/package-a"
  languageName: unknown
  linkType: soft

"template-evm-dapp@workspace:.":
  version: 0.0.0-use.local
  resolution: "template-evm-dapp@workspace:."
  languageName: unknown
  linkType: soft
